
Microsoft Visual Studio Solution File, Format Version 12.00
# Visual Studio Version 16
VisualStudioVersion = 16.0.31205.134
MinimumVisualStudioVersion = 10.0.40219.1
Project("{FAE04EC0-301F-11D3-BF4B-00C04F79EFBC}") = "CharmBot", "CharmBot\CharmBot.csproj", "{1434EF56-88B1-40AE-A9AA-0003FF0E3E7F}"
EndProject
Global
	GlobalSection(SolutionConfigurationPlatforms) = preSolution
		Debug|Any CPU = Debug|Any CPU
		Release|Any CPU = Release|Any CPU
	EndGlobalSection
	GlobalSection(ProjectConfigurationPlatforms) = postSolution
		{1434EF56-88B1-40AE-A9AA-0003FF0E3E7F}.Debug|Any CPU.ActiveCfg = Debug|Any CPU
		{1434EF56-88B1-40AE-A9AA-0003FF0E3E7F}.Debug|Any CPU.Build.0 = Debug|Any CPU
		{1434EF56-88B1-40AE-A9AA-0003FF0E3E7F}.Release|Any CPU.ActiveCfg = Release|Any CPU
		{1434EF56-88B1-40AE-A9AA-0003FF0E3E7F}.Release|Any CPU.Build.0 = Release|Any CPU
	EndGlobalSection
	GlobalSection(SolutionProperties) = preSolution
		HideSolutionNode = FALSE
	EndGlobalSection
	GlobalSection(ExtensibilityGlobals) = postSolution
		SolutionGuid = {443D8D63-E0AD-43FA-B889-9E5B7E22C54A}
	EndGlobalSection
EndGlobal
