
Microsoft Visual Studio Solution File, Format Version 12.00
# Visual Studio Version 16
VisualStudioVersion = 16.0.31205.134
MinimumVisualStudioVersion = 10.0.40219.1
Project("{FAE04EC0-301F-11D3-BF4B-00C04F79EFBC}") = "Doge.gg-client", "Doge.gg-client\Doge.gg-client.csproj", "{B99BCFC8-DDF9-4E39-B132-12826DBCAB44}"
EndProject
Project("{2150E333-8FDC-42A3-9474-1A3956D46DE8}") = "Solution Items", "Solution Items", "{265EADC1-E06F-4A9C-B326-4EFA08B8420D}"
EndProject
Global
	GlobalSection(SolutionConfigurationPlatforms) = preSolution
		Debug|Any CPU = Debug|Any CPU
		Release|Any CPU = Release|Any CPU
	EndGlobalSection
	GlobalSection(ProjectConfigurationPlatforms) = postSolution
		{B99BCFC8-DDF9-4E39-B132-12826DBCAB44}.Debug|Any CPU.ActiveCfg = Debug|Any CPU
		{B99BCFC8-DDF9-4E39-B132-12826DBCAB44}.Debug|Any CPU.Build.0 = Debug|Any CPU
		{B99BCFC8-DDF9-4E39-B132-12826DBCAB44}.Release|Any CPU.ActiveCfg = Release|Any CPU
		{B99BCFC8-DDF9-4E39-B132-12826DBCAB44}.Release|Any CPU.Build.0 = Release|Any CPU
	EndGlobalSection
	GlobalSection(SolutionProperties) = preSolution
		HideSolutionNode = FALSE
	EndGlobalSection
	GlobalSection(ExtensibilityGlobals) = postSolution
		SolutionGuid = {96A14350-F25D-43D1-92CB-EC0BD6A8213A}
	EndGlobalSection
EndGlobal
